<?xml version="1.0" encoding="utf-8"?>
<Project ToolsVersion="4.0" xmlns="http://schemas.microsoft.com/developer/msbuild/2003">
  <ItemGroup>
    <Filter Include="Source Files">
      <UniqueIdentifier>{4FC737F1-C7A5-4376-A066-2A32D752A2FF}</UniqueIdentifier>
      <Extensions>cpp;c;cc;cxx;def;odl;idl;hpj;bat;asm;asmx</Extensions>
    </Filter>
    <Filter Include="Header Files">
      <UniqueIdentifier>{93995380-89BD-4b04-88EB-625FBE52EBFB}</UniqueIdentifier>
      <Extensions>h;hh;hpp;hxx;hm;inl;inc;ipp;xsd</Extensions>
    </Filter>
    <Filter Include="Resource Files">
      <UniqueIdentifier>{67DA6AB6-F800-4c08-8B7A-83BB121AAD01}</UniqueIdentifier>
      <Extensions>rc;ico;cur;bmp;dlg;rc2;rct;bin;rgs;gif;jpg;jpeg;jpe;resx;tiff;tif;png;wav;mfcribbon-ms</Extensions>
    </Filter>
    <Filter Include="Header Files\Decorators">
      <UniqueIdentifier>{62f6adb9-ba34-4920-a622-3aa24d45cd51}</UniqueIdentifier>
    </Filter>
    <Filter Include="Header Files\Interfaces">
      <UniqueIdentifier>{4edc0099-9909-4ace-8bde-bc2aa3c16e59}</UniqueIdentifier>
    </Filter>
    <Filter Include="Source Files\Decorators">
      <UniqueIdentifier>{11f2c9e3-ddc5-4515-a854-6e9cb290dcf8}</UniqueIdentifier>
    </Filter>
    <Filter Include="Header Files\Strokes and Pens">
      <UniqueIdentifier>{c6eea385-6c42-4db0-ae41-ebe806deaf0c}</UniqueIdentifier>
    </Filter>
    <Filter Include="Source Files\Stokes and Pens">
      <UniqueIdentifier>{e620fea7-2817-4143-90a2-9b3b134e7a01}</UniqueIdentifier>
    </Filter>
  </ItemGroup>
  <ItemGroup>
    <ClInclude Include="XmlFactories.h">
      <Filter>Header Files</Filter>
    </ClInclude>
    <ClInclude Include="XmlReader.h">
      <Filter>Header Files</Filter>
    </ClInclude>
    <ClInclude Include="XmlWriter.h">
      <Filter>Header Files</Filter>
    </ClInclude>
    <ClInclude Include="binary_ostream_iterator.h">
      <Filter>Header Files</Filter>
    </ClInclude>
    <ClInclude Include="Bitmap.h">
      <Filter>Header Files</Filter>
    </ClInclude>
    <ClInclude Include="BitmapIterator.h">
      <Filter>Header Files</Filter>
    </ClInclude>
    <ClInclude Include="CodecLibrary.h">
      <Filter>Header Files</Filter>
    </ClInclude>
    <ClInclude Include="Color.h">
      <Filter>Header Files</Filter>
    </ClInclude>
    <ClInclude Include="Element.h">
      <Filter>Header Files</Filter>
    </ClInclude>
    <ClInclude Include="Layer.h">
      <Filter>Header Files</Filter>
    </ClInclude>
    <ClInclude Include="Parse.h">
      <Filter>Header Files</Filter>
    </ClInclude>
    <ClInclude Include="PlacedGraphic.h">
      <Filter>Header Files</Filter>
    </ClInclude>
    <ClInclude Include="Point.h">
      <Filter>Header Files</Filter>
    </ClInclude>
    <ClInclude Include="Scene.h">
      <Filter>Header Files</Filter>
    </ClInclude>
    <ClInclude Include="SceneReader.h">
      <Filter>Header Files</Filter>
    </ClInclude>
    <ClInclude Include="SceneWriter.h">
      <Filter>Header Files</Filter>
    </ClInclude>
    <ClInclude Include="SizedWord.h">
      <Filter>Header Files</Filter>
    </ClInclude>
    <ClInclude Include="VectorGraphic.h">
      <Filter>Header Files</Filter>
    </ClInclude>
    <ClInclude Include="VectorGraphicStreamer.h">
      <Filter>Header Files</Filter>
    </ClInclude>
    <ClInclude Include="VerifyEquality.h">
      <Filter>Header Files</Filter>
    </ClInclude>
    <ClInclude Include="WindowsBitmapDecoder.h">
      <Filter>Header Files</Filter>
    </ClInclude>
    <ClInclude Include="WindowsBitmapEncoder.h">
      <Filter>Header Files</Filter>
    </ClInclude>
    <ClInclude Include="WindowsBitmapHeader.h">
      <Filter>Header Files</Filter>
    </ClInclude>
    <ClInclude Include="BitmapDecorator.h">
      <Filter>Header Files\Decorators</Filter>
    </ClInclude>
    <ClInclude Include="BrightnessDecorator.h">
      <Filter>Header Files\Decorators</Filter>
    </ClInclude>
    <ClInclude Include="ColorInversionDecorator.h">
      <Filter>Header Files\Decorators</Filter>
    </ClInclude>
    <ClInclude Include="ColorSwapDecorator.h">
      <Filter>Header Files\Decorators</Filter>
    </ClInclude>
    <ClInclude Include="GrayscaleDecorator.h">
      <Filter>Header Files\Decorators</Filter>
    </ClInclude>
    <ClInclude Include="KeepColorDecorator.h">
      <Filter>Header Files\Decorators</Filter>
    </ClInclude>
    <ClInclude Include="XmlInterfaces.h">
      <Filter>Header Files\Interfaces</Filter>
    </ClInclude>
    <ClInclude Include="CodecInterfaces.h">
      <Filter>Header Files\Interfaces</Filter>
    </ClInclude>
    <ClInclude Include="BasicCanvas.h">
      <Filter>Header Files</Filter>
    </ClInclude>
    <ClInclude Include="WindowsBitmapFileProjector.h">
      <Filter>Header Files</Filter>
    </ClInclude>
    <ClInclude Include="DrawingInterfaces.h">
      <Filter>Header Files\Interfaces</Filter>
    </ClInclude>
    <ClInclude Include="RandomDecorator.h">
      <Filter>Header Files\Decorators</Filter>
    </ClInclude>
    <ClInclude Include="SlashPen.h">
      <Filter>Header Files\Strokes and Pens</Filter>
    </ClInclude>
    <ClInclude Include="SlashStroke.h">
      <Filter>Header Files\Strokes and Pens</Filter>
    </ClInclude>
    <ClInclude Include="StrokeFactory.h">
      <Filter>Header Files\Strokes and Pens</Filter>
    </ClInclude>
    <ClInclude Include="SquarePen.h">
      <Filter>Header Files\Strokes and Pens</Filter>
    </ClInclude>
    <ClInclude Include="SquareStroke.h">
      <Filter>Header Files\Strokes and Pens</Filter>
    </ClInclude>
    <ClInclude Include="LineIterator.h">
      <Filter>Header Files\Strokes and Pens</Filter>
    </ClInclude>
    <ClInclude Include="BasicCanvasBitmapIterator.h">
      <Filter>Header Files</Filter>
    </ClInclude>
  </ItemGroup>
  <ItemGroup>
    <ClCompile Include="XmlFactories.cpp">
      <Filter>Source Files</Filter>
    </ClCompile>
    <ClCompile Include="XmlReader.cpp">
      <Filter>Source Files</Filter>
    </ClCompile>
    <ClCompile Include="XmlWriter.cpp">
      <Filter>Source Files</Filter>
    </ClCompile>
    <ClCompile Include="Bitmap.cpp">
      <Filter>Source Files</Filter>
    </ClCompile>
    <ClCompile Include="BitmapIterator.cpp">
      <Filter>Source Files</Filter>
    </ClCompile>
    <ClCompile Include="CodecLibrary.cpp">
      <Filter>Source Files</Filter>
    </ClCompile>
    <ClCompile Include="Color.cpp">
      <Filter>Source Files</Filter>
    </ClCompile>
    <ClCompile Include="Element.cpp">
      <Filter>Source Files</Filter>
    </ClCompile>
    <ClCompile Include="Layer.cpp">
      <Filter>Source Files</Filter>
    </ClCompile>
    <ClCompile Include="Parse.cpp">
      <Filter>Source Files</Filter>
    </ClCompile>
    <ClCompile Include="PlacedGraphic.cpp">
      <Filter>Source Files</Filter>
    </ClCompile>
    <ClCompile Include="Point.cpp">
      <Filter>Source Files</Filter>
    </ClCompile>
    <ClCompile Include="Scene.cpp">
      <Filter>Source Files</Filter>
    </ClCompile>
    <ClCompile Include="SceneReader.cpp">
      <Filter>Source Files</Filter>
    </ClCompile>
    <ClCompile Include="SceneWriter.cpp">
      <Filter>Source Files</Filter>
    </ClCompile>
    <ClCompile Include="VectorGraphic.cpp">
      <Filter>Source Files</Filter>
    </ClCompile>
    <ClCompile Include="VectorGraphicStreamer.cpp">
      <Filter>Source Files</Filter>
    </ClCompile>
    <ClCompile Include="WindowsBitmapDecoder.cpp">
      <Filter>Source Files</Filter>
    </ClCompile>
    <ClCompile Include="WindowsBitmapEncoder.cpp">
      <Filter>Source Files</Filter>
    </ClCompile>
    <ClCompile Include="WindowsBitmapHeader.cpp">
      <Filter>Source Files</Filter>
    </ClCompile>
    <ClCompile Include="KeepColorDecorator.cpp">
      <Filter>Source Files\Decorators</Filter>
    </ClCompile>
    <ClCompile Include="GrayscaleDecorator.cpp">
      <Filter>Source Files\Decorators</Filter>
    </ClCompile>
    <ClCompile Include="ColorSwapDecorator.cpp">
      <Filter>Source Files\Decorators</Filter>
    </ClCompile>
    <ClCompile Include="ColorInversionDecorator.cpp">
      <Filter>Source Files\Decorators</Filter>
    </ClCompile>
    <ClCompile Include="BrightnessDecorator.cpp">
      <Filter>Source Files\Decorators</Filter>
    </ClCompile>
    <ClCompile Include="BitmapDecorator.cpp">
      <Filter>Source Files\Decorators</Filter>
    </ClCompile>
    <ClCompile Include="BasicCanvas.cpp">
      <Filter>Source Files</Filter>
    </ClCompile>
    <ClCompile Include="WindowsBitmapFileProjector.cpp">
      <Filter>Source Files</Filter>
    </ClCompile>
    <ClCompile Include="RandomDecorator.cpp">
      <Filter>Source Files\Decorators</Filter>
    </ClCompile>
    <ClCompile Include="SlashPen.cpp">
      <Filter>Source Files\Stokes and Pens</Filter>
    </ClCompile>
    <ClCompile Include="SlashStroke.cpp">
      <Filter>Source Files\Stokes and Pens</Filter>
    </ClCompile>
    <ClCompile Include="SquarePen.cpp">
      <Filter>Source Files\Stokes and Pens</Filter>
    </ClCompile>
    <ClCompile Include="SquareStroke.cpp">
      <Filter>Source Files\Stokes and Pens</Filter>
    </ClCompile>
    <ClCompile Include="StrokeFactory.cpp">
      <Filter>Source Files\Stokes and Pens</Filter>
    </ClCompile>
    <ClCompile Include="LineIterator.cpp">
      <Filter>Source Files\Stokes and Pens</Filter>
    </ClCompile>
    <ClCompile Include="BasicCanvasBitmapIterator.cpp">
      <Filter>Source Files</Filter>
    </ClCompile>
  </ItemGroup>
</Project>