
Microsoft Visual Studio Solution File, Format Version 12.00
# Visual Studio 15
VisualStudioVersion = 15.0.28307.757
MinimumVisualStudioVersion = 10.0.40219.1
Project("{8BC9CEB8-8B4A-11D0-8D11-00A0C91BC942}") = "Assignment3", "Assignment3\Assignment3.vcxproj", "{64F79A21-3A3F-488F-B799-D1B86F852B4E}"
EndProject
Project("{8BC9CEB8-8B4A-11D0-8D11-00A0C91BC942}") = "Assignment3Source", "Assignment3Source\Assignment3Source.vcxproj", "{86565AE0-1E8B-4F0C-B0D4-90F107F6C56D}"
EndProject
Project("{8BC9CEB8-8B4A-11D0-8D11-00A0C91BC942}") = "CppUnitLite", "CppUnitLite\CppUnitLite.vcxproj", "{D8A7B324-826B-4AE8-86B5-475751549E14}"
EndProject
Project("{8BC9CEB8-8B4A-11D0-8D11-00A0C91BC942}") = "tinyxml2", "tinyxml2-master\tinyxml2\tinyxml2.vcxproj", "{D1C528B6-AA02-4D29-9D61-DC08E317A70D}"
EndProject
Project("{8BC9CEB8-8B4A-11D0-8D11-00A0C91BC942}") = "Assignment3Tests", "Assignment3Tests\Assignment3Tests.vcxproj", "{FF51A27B-4F58-4120-B554-7E7FCA178466}"
EndProject
Global
	GlobalSection(SolutionConfigurationPlatforms) = preSolution
		Debug|x64 = Debug|x64
		Debug|x86 = Debug|x86
		Debug-Dll|x64 = Debug-Dll|x64
		Debug-Dll|x86 = Debug-Dll|x86
		Debug-Lib|x64 = Debug-Lib|x64
		Debug-Lib|x86 = Debug-Lib|x86
		Release|x64 = Release|x64
		Release|x86 = Release|x86
		Release-Dll|x64 = Release-Dll|x64
		Release-Dll|x86 = Release-Dll|x86
		Release-Lib|x64 = Release-Lib|x64
		Release-Lib|x86 = Release-Lib|x86
	EndGlobalSection
	GlobalSection(ProjectConfigurationPlatforms) = postSolution
		{64F79A21-3A3F-488F-B799-D1B86F852B4E}.Debug|x64.ActiveCfg = Debug|x64
		{64F79A21-3A3F-488F-B799-D1B86F852B4E}.Debug|x64.Build.0 = Debug|x64
		{64F79A21-3A3F-488F-B799-D1B86F852B4E}.Debug|x86.ActiveCfg = Debug|Win32
		{64F79A21-3A3F-488F-B799-D1B86F852B4E}.Debug|x86.Build.0 = Debug|Win32
		{64F79A21-3A3F-488F-B799-D1B86F852B4E}.Debug-Dll|x64.ActiveCfg = Debug|x64
		{64F79A21-3A3F-488F-B799-D1B86F852B4E}.Debug-Dll|x64.Build.0 = Debug|x64
		{64F79A21-3A3F-488F-B799-D1B86F852B4E}.Debug-Dll|x86.ActiveCfg = Debug|Win32
		{64F79A21-3A3F-488F-B799-D1B86F852B4E}.Debug-Dll|x86.Build.0 = Debug|Win32
		{64F79A21-3A3F-488F-B799-D1B86F852B4E}.Debug-Lib|x64.ActiveCfg = Debug|x64
		{64F79A21-3A3F-488F-B799-D1B86F852B4E}.Debug-Lib|x64.Build.0 = Debug|x64
		{64F79A21-3A3F-488F-B799-D1B86F852B4E}.Debug-Lib|x86.ActiveCfg = Debug|Win32
		{64F79A21-3A3F-488F-B799-D1B86F852B4E}.Debug-Lib|x86.Build.0 = Debug|Win32
		{64F79A21-3A3F-488F-B799-D1B86F852B4E}.Release|x64.ActiveCfg = Release|x64
		{64F79A21-3A3F-488F-B799-D1B86F852B4E}.Release|x64.Build.0 = Release|x64
		{64F79A21-3A3F-488F-B799-D1B86F852B4E}.Release|x86.ActiveCfg = Release|Win32
		{64F79A21-3A3F-488F-B799-D1B86F852B4E}.Release|x86.Build.0 = Release|Win32
		{64F79A21-3A3F-488F-B799-D1B86F852B4E}.Release-Dll|x64.ActiveCfg = Release|x64
		{64F79A21-3A3F-488F-B799-D1B86F852B4E}.Release-Dll|x64.Build.0 = Release|x64
		{64F79A21-3A3F-488F-B799-D1B86F852B4E}.Release-Dll|x86.ActiveCfg = Release|Win32
		{64F79A21-3A3F-488F-B799-D1B86F852B4E}.Release-Dll|x86.Build.0 = Release|Win32
		{64F79A21-3A3F-488F-B799-D1B86F852B4E}.Release-Lib|x64.ActiveCfg = Release|x64
		{64F79A21-3A3F-488F-B799-D1B86F852B4E}.Release-Lib|x64.Build.0 = Release|x64
		{64F79A21-3A3F-488F-B799-D1B86F852B4E}.Release-Lib|x86.ActiveCfg = Release|Win32
		{64F79A21-3A3F-488F-B799-D1B86F852B4E}.Release-Lib|x86.Build.0 = Release|Win32
		{86565AE0-1E8B-4F0C-B0D4-90F107F6C56D}.Debug|x64.ActiveCfg = Debug|x64
		{86565AE0-1E8B-4F0C-B0D4-90F107F6C56D}.Debug|x64.Build.0 = Debug|x64
		{86565AE0-1E8B-4F0C-B0D4-90F107F6C56D}.Debug|x86.ActiveCfg = Debug|Win32
		{86565AE0-1E8B-4F0C-B0D4-90F107F6C56D}.Debug|x86.Build.0 = Debug|Win32
		{86565AE0-1E8B-4F0C-B0D4-90F107F6C56D}.Debug-Dll|x64.ActiveCfg = Debug|x64
		{86565AE0-1E8B-4F0C-B0D4-90F107F6C56D}.Debug-Dll|x64.Build.0 = Debug|x64
		{86565AE0-1E8B-4F0C-B0D4-90F107F6C56D}.Debug-Dll|x86.ActiveCfg = Debug|Win32
		{86565AE0-1E8B-4F0C-B0D4-90F107F6C56D}.Debug-Dll|x86.Build.0 = Debug|Win32
		{86565AE0-1E8B-4F0C-B0D4-90F107F6C56D}.Debug-Lib|x64.ActiveCfg = Debug|x64
		{86565AE0-1E8B-4F0C-B0D4-90F107F6C56D}.Debug-Lib|x64.Build.0 = Debug|x64
		{86565AE0-1E8B-4F0C-B0D4-90F107F6C56D}.Debug-Lib|x86.ActiveCfg = Debug|Win32
		{86565AE0-1E8B-4F0C-B0D4-90F107F6C56D}.Debug-Lib|x86.Build.0 = Debug|Win32
		{86565AE0-1E8B-4F0C-B0D4-90F107F6C56D}.Release|x64.ActiveCfg = Release|x64
		{86565AE0-1E8B-4F0C-B0D4-90F107F6C56D}.Release|x64.Build.0 = Release|x64
		{86565AE0-1E8B-4F0C-B0D4-90F107F6C56D}.Release|x86.ActiveCfg = Release|Win32
		{86565AE0-1E8B-4F0C-B0D4-90F107F6C56D}.Release|x86.Build.0 = Release|Win32
		{86565AE0-1E8B-4F0C-B0D4-90F107F6C56D}.Release-Dll|x64.ActiveCfg = Release|x64
		{86565AE0-1E8B-4F0C-B0D4-90F107F6C56D}.Release-Dll|x64.Build.0 = Release|x64
		{86565AE0-1E8B-4F0C-B0D4-90F107F6C56D}.Release-Dll|x86.ActiveCfg = Release|Win32
		{86565AE0-1E8B-4F0C-B0D4-90F107F6C56D}.Release-Dll|x86.Build.0 = Release|Win32
		{86565AE0-1E8B-4F0C-B0D4-90F107F6C56D}.Release-Lib|x64.ActiveCfg = Release|x64
		{86565AE0-1E8B-4F0C-B0D4-90F107F6C56D}.Release-Lib|x64.Build.0 = Release|x64
		{86565AE0-1E8B-4F0C-B0D4-90F107F6C56D}.Release-Lib|x86.ActiveCfg = Release|Win32
		{86565AE0-1E8B-4F0C-B0D4-90F107F6C56D}.Release-Lib|x86.Build.0 = Release|Win32
		{D8A7B324-826B-4AE8-86B5-475751549E14}.Debug|x64.ActiveCfg = Debug|x64
		{D8A7B324-826B-4AE8-86B5-475751549E14}.Debug|x64.Build.0 = Debug|x64
		{D8A7B324-826B-4AE8-86B5-475751549E14}.Debug|x86.ActiveCfg = Debug|Win32
		{D8A7B324-826B-4AE8-86B5-475751549E14}.Debug|x86.Build.0 = Debug|Win32
		{D8A7B324-826B-4AE8-86B5-475751549E14}.Debug-Dll|x64.ActiveCfg = Debug|x64
		{D8A7B324-826B-4AE8-86B5-475751549E14}.Debug-Dll|x64.Build.0 = Debug|x64
		{D8A7B324-826B-4AE8-86B5-475751549E14}.Debug-Dll|x86.ActiveCfg = Debug|Win32
		{D8A7B324-826B-4AE8-86B5-475751549E14}.Debug-Dll|x86.Build.0 = Debug|Win32
		{D8A7B324-826B-4AE8-86B5-475751549E14}.Debug-Lib|x64.ActiveCfg = Debug|x64
		{D8A7B324-826B-4AE8-86B5-475751549E14}.Debug-Lib|x64.Build.0 = Debug|x64
		{D8A7B324-826B-4AE8-86B5-475751549E14}.Debug-Lib|x86.ActiveCfg = Debug|Win32
		{D8A7B324-826B-4AE8-86B5-475751549E14}.Debug-Lib|x86.Build.0 = Debug|Win32
		{D8A7B324-826B-4AE8-86B5-475751549E14}.Release|x64.ActiveCfg = Release|x64
		{D8A7B324-826B-4AE8-86B5-475751549E14}.Release|x64.Build.0 = Release|x64
		{D8A7B324-826B-4AE8-86B5-475751549E14}.Release|x86.ActiveCfg = Release|Win32
		{D8A7B324-826B-4AE8-86B5-475751549E14}.Release|x86.Build.0 = Release|Win32
		{D8A7B324-826B-4AE8-86B5-475751549E14}.Release-Dll|x64.ActiveCfg = Release|x64
		{D8A7B324-826B-4AE8-86B5-475751549E14}.Release-Dll|x64.Build.0 = Release|x64
		{D8A7B324-826B-4AE8-86B5-475751549E14}.Release-Dll|x86.ActiveCfg = Release|Win32
		{D8A7B324-826B-4AE8-86B5-475751549E14}.Release-Dll|x86.Build.0 = Release|Win32
		{D8A7B324-826B-4AE8-86B5-475751549E14}.Release-Lib|x64.ActiveCfg = Release|x64
		{D8A7B324-826B-4AE8-86B5-475751549E14}.Release-Lib|x64.Build.0 = Release|x64
		{D8A7B324-826B-4AE8-86B5-475751549E14}.Release-Lib|x86.ActiveCfg = Release|Win32
		{D8A7B324-826B-4AE8-86B5-475751549E14}.Release-Lib|x86.Build.0 = Release|Win32
		{D1C528B6-AA02-4D29-9D61-DC08E317A70D}.Debug|x64.ActiveCfg = Debug-Dll|x64
		{D1C528B6-AA02-4D29-9D61-DC08E317A70D}.Debug|x64.Build.0 = Debug-Dll|x64
		{D1C528B6-AA02-4D29-9D61-DC08E317A70D}.Debug|x86.ActiveCfg = Debug-Dll|Win32
		{D1C528B6-AA02-4D29-9D61-DC08E317A70D}.Debug|x86.Build.0 = Debug-Dll|Win32
		{D1C528B6-AA02-4D29-9D61-DC08E317A70D}.Debug-Dll|x64.ActiveCfg = Debug-Dll|x64
		{D1C528B6-AA02-4D29-9D61-DC08E317A70D}.Debug-Dll|x64.Build.0 = Debug-Dll|x64
		{D1C528B6-AA02-4D29-9D61-DC08E317A70D}.Debug-Dll|x86.ActiveCfg = Debug-Dll|Win32
		{D1C528B6-AA02-4D29-9D61-DC08E317A70D}.Debug-Dll|x86.Build.0 = Debug-Dll|Win32
		{D1C528B6-AA02-4D29-9D61-DC08E317A70D}.Debug-Lib|x64.ActiveCfg = Debug-Lib|x64
		{D1C528B6-AA02-4D29-9D61-DC08E317A70D}.Debug-Lib|x64.Build.0 = Debug-Lib|x64
		{D1C528B6-AA02-4D29-9D61-DC08E317A70D}.Debug-Lib|x86.ActiveCfg = Debug-Lib|Win32
		{D1C528B6-AA02-4D29-9D61-DC08E317A70D}.Debug-Lib|x86.Build.0 = Debug-Lib|Win32
		{D1C528B6-AA02-4D29-9D61-DC08E317A70D}.Release|x64.ActiveCfg = Release-Lib|x64
		{D1C528B6-AA02-4D29-9D61-DC08E317A70D}.Release|x64.Build.0 = Release-Lib|x64
		{D1C528B6-AA02-4D29-9D61-DC08E317A70D}.Release|x86.ActiveCfg = Release-Lib|Win32
		{D1C528B6-AA02-4D29-9D61-DC08E317A70D}.Release|x86.Build.0 = Release-Lib|Win32
		{D1C528B6-AA02-4D29-9D61-DC08E317A70D}.Release-Dll|x64.ActiveCfg = Release-Dll|x64
		{D1C528B6-AA02-4D29-9D61-DC08E317A70D}.Release-Dll|x64.Build.0 = Release-Dll|x64
		{D1C528B6-AA02-4D29-9D61-DC08E317A70D}.Release-Dll|x86.ActiveCfg = Release-Dll|Win32
		{D1C528B6-AA02-4D29-9D61-DC08E317A70D}.Release-Dll|x86.Build.0 = Release-Dll|Win32
		{D1C528B6-AA02-4D29-9D61-DC08E317A70D}.Release-Lib|x64.ActiveCfg = Release-Lib|x64
		{D1C528B6-AA02-4D29-9D61-DC08E317A70D}.Release-Lib|x64.Build.0 = Release-Lib|x64
		{D1C528B6-AA02-4D29-9D61-DC08E317A70D}.Release-Lib|x86.ActiveCfg = Release-Lib|Win32
		{D1C528B6-AA02-4D29-9D61-DC08E317A70D}.Release-Lib|x86.Build.0 = Release-Lib|Win32
		{FF51A27B-4F58-4120-B554-7E7FCA178466}.Debug|x64.ActiveCfg = Debug|x64
		{FF51A27B-4F58-4120-B554-7E7FCA178466}.Debug|x64.Build.0 = Debug|x64
		{FF51A27B-4F58-4120-B554-7E7FCA178466}.Debug|x86.ActiveCfg = Debug|Win32
		{FF51A27B-4F58-4120-B554-7E7FCA178466}.Debug|x86.Build.0 = Debug|Win32
		{FF51A27B-4F58-4120-B554-7E7FCA178466}.Debug-Dll|x64.ActiveCfg = Debug|x64
		{FF51A27B-4F58-4120-B554-7E7FCA178466}.Debug-Dll|x64.Build.0 = Debug|x64
		{FF51A27B-4F58-4120-B554-7E7FCA178466}.Debug-Dll|x86.ActiveCfg = Debug|Win32
		{FF51A27B-4F58-4120-B554-7E7FCA178466}.Debug-Dll|x86.Build.0 = Debug|Win32
		{FF51A27B-4F58-4120-B554-7E7FCA178466}.Debug-Lib|x64.ActiveCfg = Debug|x64
		{FF51A27B-4F58-4120-B554-7E7FCA178466}.Debug-Lib|x64.Build.0 = Debug|x64
		{FF51A27B-4F58-4120-B554-7E7FCA178466}.Debug-Lib|x86.ActiveCfg = Debug|Win32
		{FF51A27B-4F58-4120-B554-7E7FCA178466}.Debug-Lib|x86.Build.0 = Debug|Win32
		{FF51A27B-4F58-4120-B554-7E7FCA178466}.Release|x64.ActiveCfg = Release|x64
		{FF51A27B-4F58-4120-B554-7E7FCA178466}.Release|x64.Build.0 = Release|x64
		{FF51A27B-4F58-4120-B554-7E7FCA178466}.Release|x86.ActiveCfg = Release|Win32
		{FF51A27B-4F58-4120-B554-7E7FCA178466}.Release|x86.Build.0 = Release|Win32
		{FF51A27B-4F58-4120-B554-7E7FCA178466}.Release-Dll|x64.ActiveCfg = Release|x64
		{FF51A27B-4F58-4120-B554-7E7FCA178466}.Release-Dll|x64.Build.0 = Release|x64
		{FF51A27B-4F58-4120-B554-7E7FCA178466}.Release-Dll|x86.ActiveCfg = Release|Win32
		{FF51A27B-4F58-4120-B554-7E7FCA178466}.Release-Dll|x86.Build.0 = Release|Win32
		{FF51A27B-4F58-4120-B554-7E7FCA178466}.Release-Lib|x64.ActiveCfg = Release|x64
		{FF51A27B-4F58-4120-B554-7E7FCA178466}.Release-Lib|x64.Build.0 = Release|x64
		{FF51A27B-4F58-4120-B554-7E7FCA178466}.Release-Lib|x86.ActiveCfg = Release|Win32
		{FF51A27B-4F58-4120-B554-7E7FCA178466}.Release-Lib|x86.Build.0 = Release|Win32
	EndGlobalSection
	GlobalSection(SolutionProperties) = preSolution
		HideSolutionNode = FALSE
	EndGlobalSection
	GlobalSection(ExtensibilityGlobals) = postSolution
		SolutionGuid = {70129FAC-9882-41E6-AE00-422276F4B48F}
	EndGlobalSection
EndGlobal
